
Microsoft Visual Studio Solution File, Format Version 12.00
# Visual Studio Version 17
VisualStudioVersion = 17.3.32901.215
MinimumVisualStudioVersion = 10.0.40219.1
Project("{FAE04EC0-301F-11D3-BF4B-00C04F79EFBC}") = "Lab1", "Lab1\Lab1.csproj", "{531A9690-691E-402C-9648-2DA96DFB50ED}"
EndProject
Global
	GlobalSection(SolutionConfigurationPlatforms) = preSolution
		Debug|Any CPU = Debug|Any CPU
		Release|Any CPU = Release|Any CPU
	EndGlobalSection
	GlobalSection(ProjectConfigurationPlatforms) = postSolution
		{531A9690-691E-402C-9648-2DA96DFB50ED}.Debug|Any CPU.ActiveCfg = Debug|Any CPU
		{531A9690-691E-402C-9648-2DA96DFB50ED}.Debug|Any CPU.Build.0 = Debug|Any CPU
		{531A9690-691E-402C-9648-2DA96DFB50ED}.Release|Any CPU.ActiveCfg = Release|Any CPU
		{531A9690-691E-402C-9648-2DA96DFB50ED}.Release|Any CPU.Build.0 = Release|Any CPU
	EndGlobalSection
	GlobalSection(SolutionProperties) = preSolution
		HideSolutionNode = FALSE
	EndGlobalSection
	GlobalSection(ExtensibilityGlobals) = postSolution
		SolutionGuid = {0F44C538-59A5-4479-91D4-F6FA9A4371A4}
	EndGlobalSection
EndGlobal
